
Microsoft Visual Studio Solution File, Format Version 12.00
# Visual Studio Version 17
VisualStudioVersion = 17.7.34202.233
MinimumVisualStudioVersion = 10.0.40219.1
Project("{FAE04EC0-301F-11D3-BF4B-00C04F79EFBC}") = "Calling_Backend_Student", "Calling_Backend_Student.csproj", "{EAD30E6B-DFD4-4A94-9B44-B2C60B449B53}"
EndProject
Global
	GlobalSection(SolutionConfigurationPlatforms) = preSolution
		Debug|Any CPU = Debug|Any CPU
		Release|Any CPU = Release|Any CPU
	EndGlobalSection
	GlobalSection(ProjectConfigurationPlatforms) = postSolution
		{EAD30E6B-DFD4-4A94-9B44-B2C60B449B53}.Debug|Any CPU.ActiveCfg = Debug|Any CPU
		{EAD30E6B-DFD4-4A94-9B44-B2C60B449B53}.Debug|Any CPU.Build.0 = Debug|Any CPU
		{EAD30E6B-DFD4-4A94-9B44-B2C60B449B53}.Release|Any CPU.ActiveCfg = Release|Any CPU
		{EAD30E6B-DFD4-4A94-9B44-B2C60B449B53}.Release|Any CPU.Build.0 = Release|Any CPU
	EndGlobalSection
	GlobalSection(SolutionProperties) = preSolution
		HideSolutionNode = FALSE
	EndGlobalSection
	GlobalSection(ExtensibilityGlobals) = postSolution
		SolutionGuid = {2FD4AFDC-E4C0-406D-A4B5-117924F532F2}
	EndGlobalSection
EndGlobal
